
Microsoft Visual Studio Solution File, Format Version 12.00
# Visual Studio Version 16
VisualStudioVersion = 16.0.29102.190
MinimumVisualStudioVersion = 10.0.40219.1
Project("{FAE04EC0-301F-11D3-BF4B-00C04F79EFBC}") = "product_key_maker", "product_key_maker\product_key_maker.csproj", "{3E25C82B-AB50-4A70-A3C7-6570332F2CBF}"
EndProject
Global
	GlobalSection(SolutionConfigurationPlatforms) = preSolution
		Debug|Any CPU = Debug|Any CPU
		Release|Any CPU = Release|Any CPU
	EndGlobalSection
	GlobalSection(ProjectConfigurationPlatforms) = postSolution
		{3E25C82B-AB50-4A70-A3C7-6570332F2CBF}.Debug|Any CPU.ActiveCfg = Debug|Any CPU
		{3E25C82B-AB50-4A70-A3C7-6570332F2CBF}.Debug|Any CPU.Build.0 = Debug|Any CPU
		{3E25C82B-AB50-4A70-A3C7-6570332F2CBF}.Release|Any CPU.ActiveCfg = Release|Any CPU
		{3E25C82B-AB50-4A70-A3C7-6570332F2CBF}.Release|Any CPU.Build.0 = Release|Any CPU
	EndGlobalSection
	GlobalSection(SolutionProperties) = preSolution
		HideSolutionNode = FALSE
	EndGlobalSection
	GlobalSection(ExtensibilityGlobals) = postSolution
		SolutionGuid = {DF2CD16E-B49F-4850-BB22-365DC620E0F5}
	EndGlobalSection
EndGlobal
